<?xml version="1.0" encoding="utf-8"?>
<Project ToolsVersion="4.0" xmlns="http://schemas.microsoft.com/developer/msbuild/2003">
  <ItemGroup>
    <Filter Include="src">
      <UniqueIdentifier>{883c1683-421d-4edb-ac38-ec2455834298}</UniqueIdentifier>
    </Filter>
  </ItemGroup>
  <ItemGroup>
    <ClInclude Include="..\src\claymore.h">
      <Filter>src</Filter>
    </ClInclude>
    <ClInclude Include="..\src\cm.h">
      <Filter>src</Filter>
    </ClInclude>
    <ClInclude Include="..\src\claymore\core\app.h">
      <Filter>src</Filter>
    </ClInclude>
    <ClInclude Include="..\src\claymore\core\camera.h">
      <Filter>src</Filter>
    </ClInclude>
    <ClInclude Include="..\src\claymore\core\shader.h">
      <Filter>src</Filter>
    </ClInclude>
    <ClInclude Include="..\src\claymore\core\window.h">
      <Filter>src</Filter>
    </ClInclude>
    <ClInclude Include="..\src\claymore\debug\debug.h">
      <Filter>src</Filter>
    </ClInclude>
    <ClInclude Include="..\src\claymore\events\event.h">
      <Filter>src</Filter>
    </ClInclude>
    <ClInclude Include="..\src\claymore\events\event_types.h">
      <Filter>src</Filter>
    </ClInclude>
    <ClInclude Include="..\src\claymore\events\glfw_keymap.h">
      <Filter>src</Filter>
    </ClInclude>
    <ClInclude Include="..\src\claymore\events\key.h">
      <Filter>src</Filter>
    </ClInclude>
    <ClInclude Include="..\src\claymore\events\keycodes.h">
      <Filter>src</Filter>
    </ClInclude>
    <ClInclude Include="..\src\claymore\events\mouse.h">
      <Filter>src</Filter>
    </ClInclude>
    <ClInclude Include="..\src\claymore\logger\logger.h">
      <Filter>src</Filter>
    </ClInclude>
    <ClInclude Include="..\src\claymore\renderer\context.h">
      <Filter>src</Filter>
    </ClInclude>
    <ClInclude Include="..\src\claymore\renderer\renderer2D.h">
      <Filter>src</Filter>
    </ClInclude>
  </ItemGroup>
  <ItemGroup>
    <ClCompile Include="..\src\claymore\core\app.c">
      <Filter>src</Filter>
    </ClCompile>
    <ClCompile Include="..\src\claymore\core\camera.c">
      <Filter>src</Filter>
    </ClCompile>
    <ClCompile Include="..\src\claymore\core\entrypoint.c">
      <Filter>src</Filter>
    </ClCompile>
    <ClCompile Include="..\src\claymore\core\shader.c">
      <Filter>src</Filter>
    </ClCompile>
    <ClCompile Include="..\src\claymore\core\window.c">
      <Filter>src</Filter>
    </ClCompile>
    <ClCompile Include="..\src\claymore\debug\debug.c">
      <Filter>src</Filter>
    </ClCompile>
    <ClCompile Include="..\src\claymore\events\event.c">
      <Filter>src</Filter>
    </ClCompile>
    <ClCompile Include="..\src\claymore\events\key.c">
      <Filter>src</Filter>
    </ClCompile>
    <ClCompile Include="..\src\claymore\events\mouse.c">
      <Filter>src</Filter>
    </ClCompile>
    <ClCompile Include="..\src\claymore\logger\logger.c">
      <Filter>src</Filter>
    </ClCompile>
    <ClCompile Include="..\src\claymore\renderer\context.c">
      <Filter>src</Filter>
    </ClCompile>
    <ClCompile Include="..\src\claymore\renderer\renderer2D.c">
      <Filter>src</Filter>
    </ClCompile>
  </ItemGroup>
</Project>